
Microsoft Visual Studio Solution File, Format Version 12.00
# Visual Studio Version 16
VisualStudioVersion = 16.0.30114.105
MinimumVisualStudioVersion = 10.0.40219.1
Project("{FAE04EC0-301F-11D3-BF4B-00C04F79EFBC}") = "Api", "Api\Api.csproj", "{695DD3A7-4671-44A8-AAF1-F81C71C02F69}"
EndProject
Project("{FAE04EC0-301F-11D3-BF4B-00C04F79EFBC}") = "Application", "Application\Application.csproj", "{2811F990-29E4-47E4-88CF-E8972A886A5F}"
EndProject
Project("{FAE04EC0-301F-11D3-BF4B-00C04F79EFBC}") = "Domain", "Domain\Domain.csproj", "{D602C4DE-C7AE-4536-A567-EAE520970A1B}"
EndProject
Project("{FAE04EC0-301F-11D3-BF4B-00C04F79EFBC}") = "Infrastructure", "Infrastructure\Infrastructure.csproj", "{885952F7-C8CE-40D5-94C9-6AD90824DD21}"
EndProject
Global
	GlobalSection(SolutionConfigurationPlatforms) = preSolution
		Debug|Any CPU = Debug|Any CPU
		Release|Any CPU = Release|Any CPU
	EndGlobalSection
	GlobalSection(SolutionProperties) = preSolution
		HideSolutionNode = FALSE
	EndGlobalSection
	GlobalSection(ProjectConfigurationPlatforms) = postSolution
		{695DD3A7-4671-44A8-AAF1-F81C71C02F69}.Debug|Any CPU.ActiveCfg = Debug|Any CPU
		{695DD3A7-4671-44A8-AAF1-F81C71C02F69}.Debug|Any CPU.Build.0 = Debug|Any CPU
		{695DD3A7-4671-44A8-AAF1-F81C71C02F69}.Release|Any CPU.ActiveCfg = Release|Any CPU
		{695DD3A7-4671-44A8-AAF1-F81C71C02F69}.Release|Any CPU.Build.0 = Release|Any CPU
		{2811F990-29E4-47E4-88CF-E8972A886A5F}.Debug|Any CPU.ActiveCfg = Debug|Any CPU
		{2811F990-29E4-47E4-88CF-E8972A886A5F}.Debug|Any CPU.Build.0 = Debug|Any CPU
		{2811F990-29E4-47E4-88CF-E8972A886A5F}.Release|Any CPU.ActiveCfg = Release|Any CPU
		{2811F990-29E4-47E4-88CF-E8972A886A5F}.Release|Any CPU.Build.0 = Release|Any CPU
		{D602C4DE-C7AE-4536-A567-EAE520970A1B}.Debug|Any CPU.ActiveCfg = Debug|Any CPU
		{D602C4DE-C7AE-4536-A567-EAE520970A1B}.Debug|Any CPU.Build.0 = Debug|Any CPU
		{D602C4DE-C7AE-4536-A567-EAE520970A1B}.Release|Any CPU.ActiveCfg = Release|Any CPU
		{D602C4DE-C7AE-4536-A567-EAE520970A1B}.Release|Any CPU.Build.0 = Release|Any CPU
		{885952F7-C8CE-40D5-94C9-6AD90824DD21}.Debug|Any CPU.ActiveCfg = Debug|Any CPU
		{885952F7-C8CE-40D5-94C9-6AD90824DD21}.Debug|Any CPU.Build.0 = Debug|Any CPU
		{885952F7-C8CE-40D5-94C9-6AD90824DD21}.Release|Any CPU.ActiveCfg = Release|Any CPU
		{885952F7-C8CE-40D5-94C9-6AD90824DD21}.Release|Any CPU.Build.0 = Release|Any CPU
	EndGlobalSection
EndGlobal
